
Microsoft Visual Studio Solution File, Format Version 12.00
# Visual Studio Version 16
Project("{2150E333-8FDC-42A3-9474-1A3956D46DE8}") = "CMakePredefinedTargets", "CMakePredefinedTargets", "{AD75FC79-E37D-301F-8BCD-431A7C0E4515}"
EndProject
Project("{8BC9CEB8-8B4A-11D0-8D11-00A0C91BC942}") = "ALL_BUILD", "ALL_BUILD.vcxproj", "{80EE50C9-A67E-34FE-93E0-8A70A89AB5C4}"
	ProjectSection(ProjectDependencies) = postProject
		{33413D37-3356-3329-8742-72019DD4A210} = {33413D37-3356-3329-8742-72019DD4A210}
		{7D5DFBC4-A526-370C-B7D7-41E0F8AA74AC} = {7D5DFBC4-A526-370C-B7D7-41E0F8AA74AC}
		{9C79F28E-C6B4-3588-A383-3AC72B614F3D} = {9C79F28E-C6B4-3588-A383-3AC72B614F3D}
		{2D9376D5-FCB9-3A48-BBCB-83D7C0834389} = {2D9376D5-FCB9-3A48-BBCB-83D7C0834389}
		{20A8955D-6189-3F1F-A4C4-9E41F0EBF73C} = {20A8955D-6189-3F1F-A4C4-9E41F0EBF73C}
		{3613EBEA-4B38-34BD-8015-B74E8D1FC0F8} = {3613EBEA-4B38-34BD-8015-B74E8D1FC0F8}
		{5596EFE9-AC04-3E58-AC62-324FE99F7945} = {5596EFE9-AC04-3E58-AC62-324FE99F7945}
	EndProjectSection
EndProject
Project("{8BC9CEB8-8B4A-11D0-8D11-00A0C91BC942}") = "LinearAlgebra_lib", "LinearAlgebra_lib.vcxproj", "{33413D37-3356-3329-8742-72019DD4A210}"
	ProjectSection(ProjectDependencies) = postProject
		{7D5DFBC4-A526-370C-B7D7-41E0F8AA74AC} = {7D5DFBC4-A526-370C-B7D7-41E0F8AA74AC}
		{9C79F28E-C6B4-3588-A383-3AC72B614F3D} = {9C79F28E-C6B4-3588-A383-3AC72B614F3D}
		{2D9376D5-FCB9-3A48-BBCB-83D7C0834389} = {2D9376D5-FCB9-3A48-BBCB-83D7C0834389}
		{20A8955D-6189-3F1F-A4C4-9E41F0EBF73C} = {20A8955D-6189-3F1F-A4C4-9E41F0EBF73C}
		{3613EBEA-4B38-34BD-8015-B74E8D1FC0F8} = {3613EBEA-4B38-34BD-8015-B74E8D1FC0F8}
	EndProjectSection
EndProject
Project("{8BC9CEB8-8B4A-11D0-8D11-00A0C91BC942}") = "MatrixGenerator_lib", "MatrixGenerator_lib.vcxproj", "{7D5DFBC4-A526-370C-B7D7-41E0F8AA74AC}"
	ProjectSection(ProjectDependencies) = postProject
		{9C79F28E-C6B4-3588-A383-3AC72B614F3D} = {9C79F28E-C6B4-3588-A383-3AC72B614F3D}
		{20A8955D-6189-3F1F-A4C4-9E41F0EBF73C} = {20A8955D-6189-3F1F-A4C4-9E41F0EBF73C}
		{3613EBEA-4B38-34BD-8015-B74E8D1FC0F8} = {3613EBEA-4B38-34BD-8015-B74E8D1FC0F8}
	EndProjectSection
EndProject
Project("{8BC9CEB8-8B4A-11D0-8D11-00A0C91BC942}") = "Matrix_lib", "Matrix_lib.vcxproj", "{9C79F28E-C6B4-3588-A383-3AC72B614F3D}"
	ProjectSection(ProjectDependencies) = postProject
		{3613EBEA-4B38-34BD-8015-B74E8D1FC0F8} = {3613EBEA-4B38-34BD-8015-B74E8D1FC0F8}
	EndProjectSection
EndProject
Project("{8BC9CEB8-8B4A-11D0-8D11-00A0C91BC942}") = "ThreadPool_lib", "ThreadPool_lib.vcxproj", "{2D9376D5-FCB9-3A48-BBCB-83D7C0834389}"
	ProjectSection(ProjectDependencies) = postProject
		{3613EBEA-4B38-34BD-8015-B74E8D1FC0F8} = {3613EBEA-4B38-34BD-8015-B74E8D1FC0F8}
	EndProjectSection
EndProject
Project("{8BC9CEB8-8B4A-11D0-8D11-00A0C91BC942}") = "Vector_lib", "Vector_lib.vcxproj", "{20A8955D-6189-3F1F-A4C4-9E41F0EBF73C}"
	ProjectSection(ProjectDependencies) = postProject
		{9C79F28E-C6B4-3588-A383-3AC72B614F3D} = {9C79F28E-C6B4-3588-A383-3AC72B614F3D}
		{3613EBEA-4B38-34BD-8015-B74E8D1FC0F8} = {3613EBEA-4B38-34BD-8015-B74E8D1FC0F8}
	EndProjectSection
EndProject
Project("{8BC9CEB8-8B4A-11D0-8D11-00A0C91BC942}") = "ZERO_CHECK", "ZERO_CHECK.vcxproj", "{3613EBEA-4B38-34BD-8015-B74E8D1FC0F8}"
	ProjectSection(ProjectDependencies) = postProject
	EndProjectSection
EndProject
Project("{8BC9CEB8-8B4A-11D0-8D11-00A0C91BC942}") = "main", "main.vcxproj", "{5596EFE9-AC04-3E58-AC62-324FE99F7945}"
	ProjectSection(ProjectDependencies) = postProject
		{33413D37-3356-3329-8742-72019DD4A210} = {33413D37-3356-3329-8742-72019DD4A210}
		{7D5DFBC4-A526-370C-B7D7-41E0F8AA74AC} = {7D5DFBC4-A526-370C-B7D7-41E0F8AA74AC}
		{9C79F28E-C6B4-3588-A383-3AC72B614F3D} = {9C79F28E-C6B4-3588-A383-3AC72B614F3D}
		{2D9376D5-FCB9-3A48-BBCB-83D7C0834389} = {2D9376D5-FCB9-3A48-BBCB-83D7C0834389}
		{20A8955D-6189-3F1F-A4C4-9E41F0EBF73C} = {20A8955D-6189-3F1F-A4C4-9E41F0EBF73C}
		{3613EBEA-4B38-34BD-8015-B74E8D1FC0F8} = {3613EBEA-4B38-34BD-8015-B74E8D1FC0F8}
	EndProjectSection
EndProject
Global
	GlobalSection(SolutionConfigurationPlatforms) = preSolution
		Debug|x64 = Debug|x64
		Release|x64 = Release|x64
		MinSizeRel|x64 = MinSizeRel|x64
		RelWithDebInfo|x64 = RelWithDebInfo|x64
	EndGlobalSection
	GlobalSection(ProjectConfigurationPlatforms) = postSolution
		{80EE50C9-A67E-34FE-93E0-8A70A89AB5C4}.Debug|x64.ActiveCfg = Debug|x64
		{80EE50C9-A67E-34FE-93E0-8A70A89AB5C4}.Release|x64.ActiveCfg = Release|x64
		{80EE50C9-A67E-34FE-93E0-8A70A89AB5C4}.MinSizeRel|x64.ActiveCfg = MinSizeRel|x64
		{80EE50C9-A67E-34FE-93E0-8A70A89AB5C4}.RelWithDebInfo|x64.ActiveCfg = RelWithDebInfo|x64
		{33413D37-3356-3329-8742-72019DD4A210}.Debug|x64.ActiveCfg = Debug|x64
		{33413D37-3356-3329-8742-72019DD4A210}.Debug|x64.Build.0 = Debug|x64
		{33413D37-3356-3329-8742-72019DD4A210}.Release|x64.ActiveCfg = Release|x64
		{33413D37-3356-3329-8742-72019DD4A210}.Release|x64.Build.0 = Release|x64
		{33413D37-3356-3329-8742-72019DD4A210}.MinSizeRel|x64.ActiveCfg = MinSizeRel|x64
		{33413D37-3356-3329-8742-72019DD4A210}.MinSizeRel|x64.Build.0 = MinSizeRel|x64
		{33413D37-3356-3329-8742-72019DD4A210}.RelWithDebInfo|x64.ActiveCfg = RelWithDebInfo|x64
		{33413D37-3356-3329-8742-72019DD4A210}.RelWithDebInfo|x64.Build.0 = RelWithDebInfo|x64
		{7D5DFBC4-A526-370C-B7D7-41E0F8AA74AC}.Debug|x64.ActiveCfg = Debug|x64
		{7D5DFBC4-A526-370C-B7D7-41E0F8AA74AC}.Debug|x64.Build.0 = Debug|x64
		{7D5DFBC4-A526-370C-B7D7-41E0F8AA74AC}.Release|x64.ActiveCfg = Release|x64
		{7D5DFBC4-A526-370C-B7D7-41E0F8AA74AC}.Release|x64.Build.0 = Release|x64
		{7D5DFBC4-A526-370C-B7D7-41E0F8AA74AC}.MinSizeRel|x64.ActiveCfg = MinSizeRel|x64
		{7D5DFBC4-A526-370C-B7D7-41E0F8AA74AC}.MinSizeRel|x64.Build.0 = MinSizeRel|x64
		{7D5DFBC4-A526-370C-B7D7-41E0F8AA74AC}.RelWithDebInfo|x64.ActiveCfg = RelWithDebInfo|x64
		{7D5DFBC4-A526-370C-B7D7-41E0F8AA74AC}.RelWithDebInfo|x64.Build.0 = RelWithDebInfo|x64
		{9C79F28E-C6B4-3588-A383-3AC72B614F3D}.Debug|x64.ActiveCfg = Debug|x64
		{9C79F28E-C6B4-3588-A383-3AC72B614F3D}.Debug|x64.Build.0 = Debug|x64
		{9C79F28E-C6B4-3588-A383-3AC72B614F3D}.Release|x64.ActiveCfg = Release|x64
		{9C79F28E-C6B4-3588-A383-3AC72B614F3D}.Release|x64.Build.0 = Release|x64
		{9C79F28E-C6B4-3588-A383-3AC72B614F3D}.MinSizeRel|x64.ActiveCfg = MinSizeRel|x64
		{9C79F28E-C6B4-3588-A383-3AC72B614F3D}.MinSizeRel|x64.Build.0 = MinSizeRel|x64
		{9C79F28E-C6B4-3588-A383-3AC72B614F3D}.RelWithDebInfo|x64.ActiveCfg = RelWithDebInfo|x64
		{9C79F28E-C6B4-3588-A383-3AC72B614F3D}.RelWithDebInfo|x64.Build.0 = RelWithDebInfo|x64
		{2D9376D5-FCB9-3A48-BBCB-83D7C0834389}.Debug|x64.ActiveCfg = Debug|x64
		{2D9376D5-FCB9-3A48-BBCB-83D7C0834389}.Debug|x64.Build.0 = Debug|x64
		{2D9376D5-FCB9-3A48-BBCB-83D7C0834389}.Release|x64.ActiveCfg = Release|x64
		{2D9376D5-FCB9-3A48-BBCB-83D7C0834389}.Release|x64.Build.0 = Release|x64
		{2D9376D5-FCB9-3A48-BBCB-83D7C0834389}.MinSizeRel|x64.ActiveCfg = MinSizeRel|x64
		{2D9376D5-FCB9-3A48-BBCB-83D7C0834389}.MinSizeRel|x64.Build.0 = MinSizeRel|x64
		{2D9376D5-FCB9-3A48-BBCB-83D7C0834389}.RelWithDebInfo|x64.ActiveCfg = RelWithDebInfo|x64
		{2D9376D5-FCB9-3A48-BBCB-83D7C0834389}.RelWithDebInfo|x64.Build.0 = RelWithDebInfo|x64
		{20A8955D-6189-3F1F-A4C4-9E41F0EBF73C}.Debug|x64.ActiveCfg = Debug|x64
		{20A8955D-6189-3F1F-A4C4-9E41F0EBF73C}.Debug|x64.Build.0 = Debug|x64
		{20A8955D-6189-3F1F-A4C4-9E41F0EBF73C}.Release|x64.ActiveCfg = Release|x64
		{20A8955D-6189-3F1F-A4C4-9E41F0EBF73C}.Release|x64.Build.0 = Release|x64
		{20A8955D-6189-3F1F-A4C4-9E41F0EBF73C}.MinSizeRel|x64.ActiveCfg = MinSizeRel|x64
		{20A8955D-6189-3F1F-A4C4-9E41F0EBF73C}.MinSizeRel|x64.Build.0 = MinSizeRel|x64
		{20A8955D-6189-3F1F-A4C4-9E41F0EBF73C}.RelWithDebInfo|x64.ActiveCfg = RelWithDebInfo|x64
		{20A8955D-6189-3F1F-A4C4-9E41F0EBF73C}.RelWithDebInfo|x64.Build.0 = RelWithDebInfo|x64
		{3613EBEA-4B38-34BD-8015-B74E8D1FC0F8}.Debug|x64.ActiveCfg = Debug|x64
		{3613EBEA-4B38-34BD-8015-B74E8D1FC0F8}.Debug|x64.Build.0 = Debug|x64
		{3613EBEA-4B38-34BD-8015-B74E8D1FC0F8}.Release|x64.ActiveCfg = Release|x64
		{3613EBEA-4B38-34BD-8015-B74E8D1FC0F8}.Release|x64.Build.0 = Release|x64
		{3613EBEA-4B38-34BD-8015-B74E8D1FC0F8}.MinSizeRel|x64.ActiveCfg = MinSizeRel|x64
		{3613EBEA-4B38-34BD-8015-B74E8D1FC0F8}.MinSizeRel|x64.Build.0 = MinSizeRel|x64
		{3613EBEA-4B38-34BD-8015-B74E8D1FC0F8}.RelWithDebInfo|x64.ActiveCfg = RelWithDebInfo|x64
		{3613EBEA-4B38-34BD-8015-B74E8D1FC0F8}.RelWithDebInfo|x64.Build.0 = RelWithDebInfo|x64
		{5596EFE9-AC04-3E58-AC62-324FE99F7945}.Debug|x64.ActiveCfg = Debug|x64
		{5596EFE9-AC04-3E58-AC62-324FE99F7945}.Debug|x64.Build.0 = Debug|x64
		{5596EFE9-AC04-3E58-AC62-324FE99F7945}.Release|x64.ActiveCfg = Release|x64
		{5596EFE9-AC04-3E58-AC62-324FE99F7945}.Release|x64.Build.0 = Release|x64
		{5596EFE9-AC04-3E58-AC62-324FE99F7945}.MinSizeRel|x64.ActiveCfg = MinSizeRel|x64
		{5596EFE9-AC04-3E58-AC62-324FE99F7945}.MinSizeRel|x64.Build.0 = MinSizeRel|x64
		{5596EFE9-AC04-3E58-AC62-324FE99F7945}.RelWithDebInfo|x64.ActiveCfg = RelWithDebInfo|x64
		{5596EFE9-AC04-3E58-AC62-324FE99F7945}.RelWithDebInfo|x64.Build.0 = RelWithDebInfo|x64
	EndGlobalSection
	GlobalSection(NestedProjects) = preSolution
		{80EE50C9-A67E-34FE-93E0-8A70A89AB5C4} = {AD75FC79-E37D-301F-8BCD-431A7C0E4515}
		{3613EBEA-4B38-34BD-8015-B74E8D1FC0F8} = {AD75FC79-E37D-301F-8BCD-431A7C0E4515}
	EndGlobalSection
	GlobalSection(ExtensibilityGlobals) = postSolution
		SolutionGuid = {41434B78-FC26-3B68-A8CB-726D4ED95435}
	EndGlobalSection
	GlobalSection(ExtensibilityAddIns) = postSolution
	EndGlobalSection
EndGlobal
